
Microsoft Visual Studio Solution File, Format Version 12.00
# Visual Studio Version 17
VisualStudioVersion = 17.5.33516.290
MinimumVisualStudioVersion = 10.0.40219.1
Project("{9A19103F-16F7-4668-BE54-9A1E7A4F7556}") = "XFS4IoTServerApp", "XFS4IoTServerApp\XFS4IoTServerApp.csproj", "{5AB6BCCD-C041-4A30-B343-C9A064F66767}"
EndProject
Project("{9A19103F-16F7-4668-BE54-9A1E7A4F7556}") = "XFS3xAPI", "XFS3xAPI\XFS3xAPI.csproj", "{1B6750C4-C378-4C6B-A19C-996329F3C65A}"
EndProject
Project("{9A19103F-16F7-4668-BE54-9A1E7A4F7556}") = "XFS3xCardReader", "Devices\XFS3x\XFS3xCardreader\XFS3xCardReader.csproj", "{7D0F7F08-E504-4F74-86CC-8194CEAA2B4D}"
EndProject
Project("{FAE04EC0-301F-11D3-BF4B-00C04F79EFBC}") = "XFS3xPinPad", "Devices\XFS3x\XFS3xPinPad\XFS3xPinPad.csproj", "{B5300DDE-1947-411E-BCE1-F66C907BF840}"
EndProject
Global
	GlobalSection(SolutionConfigurationPlatforms) = preSolution
		Debug|Any CPU = Debug|Any CPU
		Release|Any CPU = Release|Any CPU
	EndGlobalSection
	GlobalSection(ProjectConfigurationPlatforms) = postSolution
		{5AB6BCCD-C041-4A30-B343-C9A064F66767}.Debug|Any CPU.ActiveCfg = Debug|Any CPU
		{5AB6BCCD-C041-4A30-B343-C9A064F66767}.Debug|Any CPU.Build.0 = Debug|Any CPU
		{5AB6BCCD-C041-4A30-B343-C9A064F66767}.Release|Any CPU.ActiveCfg = Release|Any CPU
		{5AB6BCCD-C041-4A30-B343-C9A064F66767}.Release|Any CPU.Build.0 = Release|Any CPU
		{1B6750C4-C378-4C6B-A19C-996329F3C65A}.Debug|Any CPU.ActiveCfg = Debug|Any CPU
		{1B6750C4-C378-4C6B-A19C-996329F3C65A}.Debug|Any CPU.Build.0 = Debug|Any CPU
		{1B6750C4-C378-4C6B-A19C-996329F3C65A}.Release|Any CPU.ActiveCfg = Release|Any CPU
		{1B6750C4-C378-4C6B-A19C-996329F3C65A}.Release|Any CPU.Build.0 = Release|Any CPU
		{7D0F7F08-E504-4F74-86CC-8194CEAA2B4D}.Debug|Any CPU.ActiveCfg = Debug|Any CPU
		{7D0F7F08-E504-4F74-86CC-8194CEAA2B4D}.Debug|Any CPU.Build.0 = Debug|Any CPU
		{7D0F7F08-E504-4F74-86CC-8194CEAA2B4D}.Release|Any CPU.ActiveCfg = Release|Any CPU
		{7D0F7F08-E504-4F74-86CC-8194CEAA2B4D}.Release|Any CPU.Build.0 = Release|Any CPU
		{B5300DDE-1947-411E-BCE1-F66C907BF840}.Debug|Any CPU.ActiveCfg = Debug|Any CPU
		{B5300DDE-1947-411E-BCE1-F66C907BF840}.Debug|Any CPU.Build.0 = Debug|Any CPU
		{B5300DDE-1947-411E-BCE1-F66C907BF840}.Release|Any CPU.ActiveCfg = Release|Any CPU
		{B5300DDE-1947-411E-BCE1-F66C907BF840}.Release|Any CPU.Build.0 = Release|Any CPU
	EndGlobalSection
	GlobalSection(SolutionProperties) = preSolution
		HideSolutionNode = FALSE
	EndGlobalSection
	GlobalSection(ExtensibilityGlobals) = postSolution
		SolutionGuid = {29D7EAE9-36D9-496E-AC08-047FE90AA577}
	EndGlobalSection
EndGlobal
